
Microsoft Visual Studio Solution File, Format Version 12.00
# Visual Studio Version 17
VisualStudioVersion = 17.1.32421.90
MinimumVisualStudioVersion = 10.0.40219.1
Project("{FAE04EC0-301F-11D3-BF4B-00C04F79EFBC}") = "WordLadderHost", "WordLeaderHost\WordLadderHost.csproj", "{F6AFECA4-0C9C-4208-924D-0ABBD4A6A75D}"
EndProject
Project("{FAE04EC0-301F-11D3-BF4B-00C04F79EFBC}") = "WordLadderDomain", "WordLadderDomain\WordLadderDomain.csproj", "{925BA00D-FF58-4076-9E4C-11C96E88FE1B}"
EndProject
Project("{FAE04EC0-301F-11D3-BF4B-00C04F79EFBC}") = "WordLadderFileSystemInfrastructure", "WordLadderFileSystemInfrastructure\WordLadderFileSystemInfrastructure.csproj", "{51BDEF54-2F44-48D6-9AA2-7E340E771B47}"
EndProject
Global
	GlobalSection(SolutionConfigurationPlatforms) = preSolution
		Debug|Any CPU = Debug|Any CPU
		Release|Any CPU = Release|Any CPU
	EndGlobalSection
	GlobalSection(ProjectConfigurationPlatforms) = postSolution
		{F6AFECA4-0C9C-4208-924D-0ABBD4A6A75D}.Debug|Any CPU.ActiveCfg = Debug|Any CPU
		{F6AFECA4-0C9C-4208-924D-0ABBD4A6A75D}.Debug|Any CPU.Build.0 = Debug|Any CPU
		{F6AFECA4-0C9C-4208-924D-0ABBD4A6A75D}.Release|Any CPU.ActiveCfg = Release|Any CPU
		{F6AFECA4-0C9C-4208-924D-0ABBD4A6A75D}.Release|Any CPU.Build.0 = Release|Any CPU
		{925BA00D-FF58-4076-9E4C-11C96E88FE1B}.Debug|Any CPU.ActiveCfg = Debug|Any CPU
		{925BA00D-FF58-4076-9E4C-11C96E88FE1B}.Debug|Any CPU.Build.0 = Debug|Any CPU
		{925BA00D-FF58-4076-9E4C-11C96E88FE1B}.Release|Any CPU.ActiveCfg = Release|Any CPU
		{925BA00D-FF58-4076-9E4C-11C96E88FE1B}.Release|Any CPU.Build.0 = Release|Any CPU
		{51BDEF54-2F44-48D6-9AA2-7E340E771B47}.Debug|Any CPU.ActiveCfg = Debug|Any CPU
		{51BDEF54-2F44-48D6-9AA2-7E340E771B47}.Debug|Any CPU.Build.0 = Debug|Any CPU
		{51BDEF54-2F44-48D6-9AA2-7E340E771B47}.Release|Any CPU.ActiveCfg = Release|Any CPU
		{51BDEF54-2F44-48D6-9AA2-7E340E771B47}.Release|Any CPU.Build.0 = Release|Any CPU
	EndGlobalSection
	GlobalSection(SolutionProperties) = preSolution
		HideSolutionNode = FALSE
	EndGlobalSection
	GlobalSection(ExtensibilityGlobals) = postSolution
		SolutionGuid = {14877FA3-585B-4396-967F-1FB3B3578262}
	EndGlobalSection
EndGlobal
